
Microsoft Visual Studio Solution File, Format Version 12.00
# Visual Studio Version 17
VisualStudioVersion = 17.1.32421.90
MinimumVisualStudioVersion = 10.0.40219.1
Project("{9A19103F-16F7-4668-BE54-9A1E7A4F7556}") = "MiniDuckSimulator", "MiniDuckSimulator\MiniDuckSimulator.csproj", "{29E4A827-E5AB-415C-88EC-89B043C386E6}"
EndProject
Project("{9A19103F-16F7-4668-BE54-9A1E7A4F7556}") = "WeatherStation", "WeatherStation\WeatherStation.csproj", "{70E74B3C-3434-4B77-B990-8BFFFEC6C421}"
EndProject
Project("{FAE04EC0-301F-11D3-BF4B-00C04F79EFBC}") = "WeatherStation.Observable", "WeatherStation.Observable\WeatherStation.Observable.csproj", "{04F392DB-B9AA-42AC-82FA-B9918EC7BB8A}"
EndProject
Global
	GlobalSection(SolutionConfigurationPlatforms) = preSolution
		Debug|Any CPU = Debug|Any CPU
		Release|Any CPU = Release|Any CPU
	EndGlobalSection
	GlobalSection(ProjectConfigurationPlatforms) = postSolution
		{29E4A827-E5AB-415C-88EC-89B043C386E6}.Debug|Any CPU.ActiveCfg = Debug|Any CPU
		{29E4A827-E5AB-415C-88EC-89B043C386E6}.Debug|Any CPU.Build.0 = Debug|Any CPU
		{29E4A827-E5AB-415C-88EC-89B043C386E6}.Release|Any CPU.ActiveCfg = Release|Any CPU
		{29E4A827-E5AB-415C-88EC-89B043C386E6}.Release|Any CPU.Build.0 = Release|Any CPU
		{70E74B3C-3434-4B77-B990-8BFFFEC6C421}.Debug|Any CPU.ActiveCfg = Debug|Any CPU
		{70E74B3C-3434-4B77-B990-8BFFFEC6C421}.Debug|Any CPU.Build.0 = Debug|Any CPU
		{70E74B3C-3434-4B77-B990-8BFFFEC6C421}.Release|Any CPU.ActiveCfg = Release|Any CPU
		{70E74B3C-3434-4B77-B990-8BFFFEC6C421}.Release|Any CPU.Build.0 = Release|Any CPU
		{04F392DB-B9AA-42AC-82FA-B9918EC7BB8A}.Debug|Any CPU.ActiveCfg = Debug|Any CPU
		{04F392DB-B9AA-42AC-82FA-B9918EC7BB8A}.Debug|Any CPU.Build.0 = Debug|Any CPU
		{04F392DB-B9AA-42AC-82FA-B9918EC7BB8A}.Release|Any CPU.ActiveCfg = Release|Any CPU
		{04F392DB-B9AA-42AC-82FA-B9918EC7BB8A}.Release|Any CPU.Build.0 = Release|Any CPU
	EndGlobalSection
	GlobalSection(SolutionProperties) = preSolution
		HideSolutionNode = FALSE
	EndGlobalSection
	GlobalSection(ExtensibilityGlobals) = postSolution
		SolutionGuid = {E79E1CFB-95E5-4B4F-809D-60A5CA87F81C}
	EndGlobalSection
EndGlobal
