
Microsoft Visual Studio Solution File, Format Version 12.00
# Visual Studio Version 17
VisualStudioVersion = 17.1.32421.90
MinimumVisualStudioVersion = 10.0.40219.1
Project("{9A19103F-16F7-4668-BE54-9A1E7A4F7556}") = "MiniDuckSimulator", "MiniDuckSimulator\MiniDuckSimulator.csproj", "{29E4A827-E5AB-415C-88EC-89B043C386E6}"
EndProject
Project("{9A19103F-16F7-4668-BE54-9A1E7A4F7556}") = "WeatherStation", "WeatherStation\WeatherStation.csproj", "{70E74B3C-3434-4B77-B990-8BFFFEC6C421}"
EndProject
Project("{9A19103F-16F7-4668-BE54-9A1E7A4F7556}") = "WeatherStation.Observable", "WeatherStation.Observable\WeatherStation.Observable.csproj", "{04F392DB-B9AA-42AC-82FA-B9918EC7BB8A}"
EndProject
Project("{9A19103F-16F7-4668-BE54-9A1E7A4F7556}") = "StarbuzzCoffee", "StarbuzzCoffee\StarbuzzCoffee.csproj", "{EDD410C7-4237-45E9-A618-8B1DEF9F2289}"
EndProject
Project("{9A19103F-16F7-4668-BE54-9A1E7A4F7556}") = "PizzaStoreFactoryMethod", "PizzaStoreFactoryMethod\PizzaStoreFactoryMethod.csproj", "{357100A9-A9B7-4709-8A7A-56E6CC111E5F}"
EndProject
Project("{9A19103F-16F7-4668-BE54-9A1E7A4F7556}") = "PizzaStoreAbstractFactory", "PizzaStoreAbstractFactory\PizzaStoreAbstractFactory.csproj", "{412C90FF-B06C-4934-92B3-ABA9D7A8A584}"
EndProject
Project("{9A19103F-16F7-4668-BE54-9A1E7A4F7556}") = "SimpleRemoteControl", "SimpleRemoteControl\SimpleRemoteControl.csproj", "{41118F1E-FFC5-4408-8AF6-29F756E1E800}"
EndProject
Project("{FAE04EC0-301F-11D3-BF4B-00C04F79EFBC}") = "RemoteControl", "RemoteControl\RemoteControl.csproj", "{D92130D8-57A4-4E20-B567-06ED4C6B9CF1}"
EndProject
Project("{9A19103F-16F7-4668-BE54-9A1E7A4F7556}") = "RemoteControlWithUndo", "RemoteControlWithUndo\RemoteControlWithUndo.csproj", "{C4A2A1B9-11C7-4EA9-86A7-BAD32438EC22}"
EndProject
Global
	GlobalSection(SolutionConfigurationPlatforms) = preSolution
		Debug|Any CPU = Debug|Any CPU
		Release|Any CPU = Release|Any CPU
	EndGlobalSection
	GlobalSection(ProjectConfigurationPlatforms) = postSolution
		{29E4A827-E5AB-415C-88EC-89B043C386E6}.Debug|Any CPU.ActiveCfg = Debug|Any CPU
		{29E4A827-E5AB-415C-88EC-89B043C386E6}.Debug|Any CPU.Build.0 = Debug|Any CPU
		{29E4A827-E5AB-415C-88EC-89B043C386E6}.Release|Any CPU.ActiveCfg = Release|Any CPU
		{29E4A827-E5AB-415C-88EC-89B043C386E6}.Release|Any CPU.Build.0 = Release|Any CPU
		{70E74B3C-3434-4B77-B990-8BFFFEC6C421}.Debug|Any CPU.ActiveCfg = Debug|Any CPU
		{70E74B3C-3434-4B77-B990-8BFFFEC6C421}.Debug|Any CPU.Build.0 = Debug|Any CPU
		{70E74B3C-3434-4B77-B990-8BFFFEC6C421}.Release|Any CPU.ActiveCfg = Release|Any CPU
		{70E74B3C-3434-4B77-B990-8BFFFEC6C421}.Release|Any CPU.Build.0 = Release|Any CPU
		{04F392DB-B9AA-42AC-82FA-B9918EC7BB8A}.Debug|Any CPU.ActiveCfg = Debug|Any CPU
		{04F392DB-B9AA-42AC-82FA-B9918EC7BB8A}.Debug|Any CPU.Build.0 = Debug|Any CPU
		{04F392DB-B9AA-42AC-82FA-B9918EC7BB8A}.Release|Any CPU.ActiveCfg = Release|Any CPU
		{04F392DB-B9AA-42AC-82FA-B9918EC7BB8A}.Release|Any CPU.Build.0 = Release|Any CPU
		{EDD410C7-4237-45E9-A618-8B1DEF9F2289}.Debug|Any CPU.ActiveCfg = Debug|Any CPU
		{EDD410C7-4237-45E9-A618-8B1DEF9F2289}.Debug|Any CPU.Build.0 = Debug|Any CPU
		{EDD410C7-4237-45E9-A618-8B1DEF9F2289}.Release|Any CPU.ActiveCfg = Release|Any CPU
		{EDD410C7-4237-45E9-A618-8B1DEF9F2289}.Release|Any CPU.Build.0 = Release|Any CPU
		{357100A9-A9B7-4709-8A7A-56E6CC111E5F}.Debug|Any CPU.ActiveCfg = Debug|Any CPU
		{357100A9-A9B7-4709-8A7A-56E6CC111E5F}.Debug|Any CPU.Build.0 = Debug|Any CPU
		{357100A9-A9B7-4709-8A7A-56E6CC111E5F}.Release|Any CPU.ActiveCfg = Release|Any CPU
		{357100A9-A9B7-4709-8A7A-56E6CC111E5F}.Release|Any CPU.Build.0 = Release|Any CPU
		{412C90FF-B06C-4934-92B3-ABA9D7A8A584}.Debug|Any CPU.ActiveCfg = Debug|Any CPU
		{412C90FF-B06C-4934-92B3-ABA9D7A8A584}.Debug|Any CPU.Build.0 = Debug|Any CPU
		{412C90FF-B06C-4934-92B3-ABA9D7A8A584}.Release|Any CPU.ActiveCfg = Release|Any CPU
		{412C90FF-B06C-4934-92B3-ABA9D7A8A584}.Release|Any CPU.Build.0 = Release|Any CPU
		{41118F1E-FFC5-4408-8AF6-29F756E1E800}.Debug|Any CPU.ActiveCfg = Debug|Any CPU
		{41118F1E-FFC5-4408-8AF6-29F756E1E800}.Debug|Any CPU.Build.0 = Debug|Any CPU
		{41118F1E-FFC5-4408-8AF6-29F756E1E800}.Release|Any CPU.ActiveCfg = Release|Any CPU
		{41118F1E-FFC5-4408-8AF6-29F756E1E800}.Release|Any CPU.Build.0 = Release|Any CPU
		{D92130D8-57A4-4E20-B567-06ED4C6B9CF1}.Debug|Any CPU.ActiveCfg = Debug|Any CPU
		{D92130D8-57A4-4E20-B567-06ED4C6B9CF1}.Debug|Any CPU.Build.0 = Debug|Any CPU
		{D92130D8-57A4-4E20-B567-06ED4C6B9CF1}.Release|Any CPU.ActiveCfg = Release|Any CPU
		{D92130D8-57A4-4E20-B567-06ED4C6B9CF1}.Release|Any CPU.Build.0 = Release|Any CPU
		{C4A2A1B9-11C7-4EA9-86A7-BAD32438EC22}.Debug|Any CPU.ActiveCfg = Debug|Any CPU
		{C4A2A1B9-11C7-4EA9-86A7-BAD32438EC22}.Debug|Any CPU.Build.0 = Debug|Any CPU
		{C4A2A1B9-11C7-4EA9-86A7-BAD32438EC22}.Release|Any CPU.ActiveCfg = Release|Any CPU
		{C4A2A1B9-11C7-4EA9-86A7-BAD32438EC22}.Release|Any CPU.Build.0 = Release|Any CPU
	EndGlobalSection
	GlobalSection(SolutionProperties) = preSolution
		HideSolutionNode = FALSE
	EndGlobalSection
	GlobalSection(ExtensibilityGlobals) = postSolution
		SolutionGuid = {E79E1CFB-95E5-4B4F-809D-60A5CA87F81C}
	EndGlobalSection
EndGlobal
