
Microsoft Visual Studio Solution File, Format Version 12.00
# Visual Studio Version 17
VisualStudioVersion = 17.1.32421.90
MinimumVisualStudioVersion = 10.0.40219.1
Project("{9A19103F-16F7-4668-BE54-9A1E7A4F7556}") = "MiniDuckSimulator", "MiniDuckSimulator\MiniDuckSimulator.csproj", "{29E4A827-E5AB-415C-88EC-89B043C386E6}"
EndProject
Project("{9A19103F-16F7-4668-BE54-9A1E7A4F7556}") = "WeatherStation", "WeatherStation\WeatherStation.csproj", "{70E74B3C-3434-4B77-B990-8BFFFEC6C421}"
EndProject
Project("{9A19103F-16F7-4668-BE54-9A1E7A4F7556}") = "WeatherStation.Observable", "WeatherStation.Observable\WeatherStation.Observable.csproj", "{04F392DB-B9AA-42AC-82FA-B9918EC7BB8A}"
EndProject
Project("{9A19103F-16F7-4668-BE54-9A1E7A4F7556}") = "StarbuzzCoffee", "StarbuzzCoffee\StarbuzzCoffee.csproj", "{EDD410C7-4237-45E9-A618-8B1DEF9F2289}"
EndProject
Project("{9A19103F-16F7-4668-BE54-9A1E7A4F7556}") = "PizzaStoreFactoryMethod", "PizzaStoreFactoryMethod\PizzaStoreFactoryMethod.csproj", "{357100A9-A9B7-4709-8A7A-56E6CC111E5F}"
EndProject
Project("{9A19103F-16F7-4668-BE54-9A1E7A4F7556}") = "PizzaStoreAbstractFactory", "PizzaStoreAbstractFactory\PizzaStoreAbstractFactory.csproj", "{412C90FF-B06C-4934-92B3-ABA9D7A8A584}"
EndProject
Project("{9A19103F-16F7-4668-BE54-9A1E7A4F7556}") = "SimpleRemoteControl", "SimpleRemoteControl\SimpleRemoteControl.csproj", "{41118F1E-FFC5-4408-8AF6-29F756E1E800}"
EndProject
Project("{9A19103F-16F7-4668-BE54-9A1E7A4F7556}") = "RemoteControl", "RemoteControl\RemoteControl.csproj", "{D92130D8-57A4-4E20-B567-06ED4C6B9CF1}"
EndProject
Project("{9A19103F-16F7-4668-BE54-9A1E7A4F7556}") = "RemoteControlWithUndo", "RemoteControlWithUndo\RemoteControlWithUndo.csproj", "{C4A2A1B9-11C7-4EA9-86A7-BAD32438EC22}"
EndProject
Project("{9A19103F-16F7-4668-BE54-9A1E7A4F7556}") = "Ducks", "Ducks\Ducks.csproj", "{F236A864-AA4B-4F49-97BA-AD673F43AF96}"
EndProject
Project("{9A19103F-16F7-4668-BE54-9A1E7A4F7556}") = "HomeTheater", "HomeTheater\HomeTheater.csproj", "{C857902C-908A-489D-8113-0C497B0CB62F}"
EndProject
Project("{9A19103F-16F7-4668-BE54-9A1E7A4F7556}") = "WeatherStation.Event", "WeatherStation.Event\WeatherStation.Event.csproj", "{AFD3FC9C-3879-40B5-9287-EB70C4D8EA1A}"
EndProject
Project("{9A19103F-16F7-4668-BE54-9A1E7A4F7556}") = "Barista", "Barista\Barista.csproj", "{1CF200CE-9099-4E31-A6F4-2A256565A431}"
EndProject
Project("{9A19103F-16F7-4668-BE54-9A1E7A4F7556}") = "DuckSort", "DuckSort\DuckSort.csproj", "{4080827F-585A-4D79-A987-6CE2F34DC1A0}"
EndProject
Project("{2150E333-8FDC-42A3-9474-1A3956D46DE8}") = "策略模式", "策略模式", "{49E6022F-DF6C-4A08-92CB-F9118B8D6750}"
EndProject
Project("{2150E333-8FDC-42A3-9474-1A3956D46DE8}") = "观察者模式", "观察者模式", "{32DABEB8-49E8-4E50-9936-BB92F6C8A710}"
EndProject
Project("{2150E333-8FDC-42A3-9474-1A3956D46DE8}") = "装饰者模式", "装饰者模式", "{B5CD066A-7D52-462A-B173-7A89113E3405}"
EndProject
Project("{2150E333-8FDC-42A3-9474-1A3956D46DE8}") = "工厂模式", "工厂模式", "{08886815-EB4A-445A-8957-1D1CA66FC575}"
EndProject
Project("{9A19103F-16F7-4668-BE54-9A1E7A4F7556}") = "PizzaStoreSimpleFactory", "PizzaStoreSimpleFactory\PizzaStoreSimpleFactory.csproj", "{973B62D0-0D3C-4737-B417-5C7ABD85EAC4}"
EndProject
Project("{2150E333-8FDC-42A3-9474-1A3956D46DE8}") = "单例模式", "单例模式", "{3D5FF21E-6F43-4FFB-97AA-B3A67A2B9497}"
EndProject
Project("{9A19103F-16F7-4668-BE54-9A1E7A4F7556}") = "ChocolateBoiler", "ChocolateBoiler\ChocolateBoiler.csproj", "{B4481C93-A27C-4BA2-82B0-5B3492B7991A}"
EndProject
Project("{9A19103F-16F7-4668-BE54-9A1E7A4F7556}") = "MultipleSingleton", "MultipleSingleton\MultipleSingleton.csproj", "{A34E0986-FE30-43CA-8F22-C0EFFD91548E}"
EndProject
Project("{2150E333-8FDC-42A3-9474-1A3956D46DE8}") = "命令模式", "命令模式", "{81C9219F-B955-4BF8-A406-8D10336A965C}"
EndProject
Project("{9A19103F-16F7-4668-BE54-9A1E7A4F7556}") = "Party", "Party\Party.csproj", "{96517609-F297-48A3-AC0D-FCF8207C4C0A}"
EndProject
Project("{2150E333-8FDC-42A3-9474-1A3956D46DE8}") = "适配器模式", "适配器模式", "{BE9A9AF6-3174-4308-979C-C79BD965C228}"
EndProject
Project("{2150E333-8FDC-42A3-9474-1A3956D46DE8}") = "外观模式", "外观模式", "{AB63ECF6-1841-43E4-9F81-1A2B8716DA18}"
EndProject
Project("{2150E333-8FDC-42A3-9474-1A3956D46DE8}") = "模板方法模式", "模板方法模式", "{7EC0ADF1-7845-4919-BF16-55AC6F7EA0C8}"
EndProject
Global
	GlobalSection(SolutionConfigurationPlatforms) = preSolution
		Debug|Any CPU = Debug|Any CPU
		Release|Any CPU = Release|Any CPU
	EndGlobalSection
	GlobalSection(ProjectConfigurationPlatforms) = postSolution
		{29E4A827-E5AB-415C-88EC-89B043C386E6}.Debug|Any CPU.ActiveCfg = Debug|Any CPU
		{29E4A827-E5AB-415C-88EC-89B043C386E6}.Debug|Any CPU.Build.0 = Debug|Any CPU
		{29E4A827-E5AB-415C-88EC-89B043C386E6}.Release|Any CPU.ActiveCfg = Release|Any CPU
		{29E4A827-E5AB-415C-88EC-89B043C386E6}.Release|Any CPU.Build.0 = Release|Any CPU
		{70E74B3C-3434-4B77-B990-8BFFFEC6C421}.Debug|Any CPU.ActiveCfg = Debug|Any CPU
		{70E74B3C-3434-4B77-B990-8BFFFEC6C421}.Debug|Any CPU.Build.0 = Debug|Any CPU
		{70E74B3C-3434-4B77-B990-8BFFFEC6C421}.Release|Any CPU.ActiveCfg = Release|Any CPU
		{70E74B3C-3434-4B77-B990-8BFFFEC6C421}.Release|Any CPU.Build.0 = Release|Any CPU
		{04F392DB-B9AA-42AC-82FA-B9918EC7BB8A}.Debug|Any CPU.ActiveCfg = Debug|Any CPU
		{04F392DB-B9AA-42AC-82FA-B9918EC7BB8A}.Debug|Any CPU.Build.0 = Debug|Any CPU
		{04F392DB-B9AA-42AC-82FA-B9918EC7BB8A}.Release|Any CPU.ActiveCfg = Release|Any CPU
		{04F392DB-B9AA-42AC-82FA-B9918EC7BB8A}.Release|Any CPU.Build.0 = Release|Any CPU
		{EDD410C7-4237-45E9-A618-8B1DEF9F2289}.Debug|Any CPU.ActiveCfg = Debug|Any CPU
		{EDD410C7-4237-45E9-A618-8B1DEF9F2289}.Debug|Any CPU.Build.0 = Debug|Any CPU
		{EDD410C7-4237-45E9-A618-8B1DEF9F2289}.Release|Any CPU.ActiveCfg = Release|Any CPU
		{EDD410C7-4237-45E9-A618-8B1DEF9F2289}.Release|Any CPU.Build.0 = Release|Any CPU
		{357100A9-A9B7-4709-8A7A-56E6CC111E5F}.Debug|Any CPU.ActiveCfg = Debug|Any CPU
		{357100A9-A9B7-4709-8A7A-56E6CC111E5F}.Debug|Any CPU.Build.0 = Debug|Any CPU
		{357100A9-A9B7-4709-8A7A-56E6CC111E5F}.Release|Any CPU.ActiveCfg = Release|Any CPU
		{357100A9-A9B7-4709-8A7A-56E6CC111E5F}.Release|Any CPU.Build.0 = Release|Any CPU
		{412C90FF-B06C-4934-92B3-ABA9D7A8A584}.Debug|Any CPU.ActiveCfg = Debug|Any CPU
		{412C90FF-B06C-4934-92B3-ABA9D7A8A584}.Debug|Any CPU.Build.0 = Debug|Any CPU
		{412C90FF-B06C-4934-92B3-ABA9D7A8A584}.Release|Any CPU.ActiveCfg = Release|Any CPU
		{412C90FF-B06C-4934-92B3-ABA9D7A8A584}.Release|Any CPU.Build.0 = Release|Any CPU
		{41118F1E-FFC5-4408-8AF6-29F756E1E800}.Debug|Any CPU.ActiveCfg = Debug|Any CPU
		{41118F1E-FFC5-4408-8AF6-29F756E1E800}.Debug|Any CPU.Build.0 = Debug|Any CPU
		{41118F1E-FFC5-4408-8AF6-29F756E1E800}.Release|Any CPU.ActiveCfg = Release|Any CPU
		{41118F1E-FFC5-4408-8AF6-29F756E1E800}.Release|Any CPU.Build.0 = Release|Any CPU
		{D92130D8-57A4-4E20-B567-06ED4C6B9CF1}.Debug|Any CPU.ActiveCfg = Debug|Any CPU
		{D92130D8-57A4-4E20-B567-06ED4C6B9CF1}.Debug|Any CPU.Build.0 = Debug|Any CPU
		{D92130D8-57A4-4E20-B567-06ED4C6B9CF1}.Release|Any CPU.ActiveCfg = Release|Any CPU
		{D92130D8-57A4-4E20-B567-06ED4C6B9CF1}.Release|Any CPU.Build.0 = Release|Any CPU
		{C4A2A1B9-11C7-4EA9-86A7-BAD32438EC22}.Debug|Any CPU.ActiveCfg = Debug|Any CPU
		{C4A2A1B9-11C7-4EA9-86A7-BAD32438EC22}.Debug|Any CPU.Build.0 = Debug|Any CPU
		{C4A2A1B9-11C7-4EA9-86A7-BAD32438EC22}.Release|Any CPU.ActiveCfg = Release|Any CPU
		{C4A2A1B9-11C7-4EA9-86A7-BAD32438EC22}.Release|Any CPU.Build.0 = Release|Any CPU
		{F236A864-AA4B-4F49-97BA-AD673F43AF96}.Debug|Any CPU.ActiveCfg = Debug|Any CPU
		{F236A864-AA4B-4F49-97BA-AD673F43AF96}.Debug|Any CPU.Build.0 = Debug|Any CPU
		{F236A864-AA4B-4F49-97BA-AD673F43AF96}.Release|Any CPU.ActiveCfg = Release|Any CPU
		{F236A864-AA4B-4F49-97BA-AD673F43AF96}.Release|Any CPU.Build.0 = Release|Any CPU
		{C857902C-908A-489D-8113-0C497B0CB62F}.Debug|Any CPU.ActiveCfg = Debug|Any CPU
		{C857902C-908A-489D-8113-0C497B0CB62F}.Debug|Any CPU.Build.0 = Debug|Any CPU
		{C857902C-908A-489D-8113-0C497B0CB62F}.Release|Any CPU.ActiveCfg = Release|Any CPU
		{C857902C-908A-489D-8113-0C497B0CB62F}.Release|Any CPU.Build.0 = Release|Any CPU
		{AFD3FC9C-3879-40B5-9287-EB70C4D8EA1A}.Debug|Any CPU.ActiveCfg = Debug|Any CPU
		{AFD3FC9C-3879-40B5-9287-EB70C4D8EA1A}.Debug|Any CPU.Build.0 = Debug|Any CPU
		{AFD3FC9C-3879-40B5-9287-EB70C4D8EA1A}.Release|Any CPU.ActiveCfg = Release|Any CPU
		{AFD3FC9C-3879-40B5-9287-EB70C4D8EA1A}.Release|Any CPU.Build.0 = Release|Any CPU
		{1CF200CE-9099-4E31-A6F4-2A256565A431}.Debug|Any CPU.ActiveCfg = Debug|Any CPU
		{1CF200CE-9099-4E31-A6F4-2A256565A431}.Debug|Any CPU.Build.0 = Debug|Any CPU
		{1CF200CE-9099-4E31-A6F4-2A256565A431}.Release|Any CPU.ActiveCfg = Release|Any CPU
		{1CF200CE-9099-4E31-A6F4-2A256565A431}.Release|Any CPU.Build.0 = Release|Any CPU
		{4080827F-585A-4D79-A987-6CE2F34DC1A0}.Debug|Any CPU.ActiveCfg = Debug|Any CPU
		{4080827F-585A-4D79-A987-6CE2F34DC1A0}.Debug|Any CPU.Build.0 = Debug|Any CPU
		{4080827F-585A-4D79-A987-6CE2F34DC1A0}.Release|Any CPU.ActiveCfg = Release|Any CPU
		{4080827F-585A-4D79-A987-6CE2F34DC1A0}.Release|Any CPU.Build.0 = Release|Any CPU
		{973B62D0-0D3C-4737-B417-5C7ABD85EAC4}.Debug|Any CPU.ActiveCfg = Debug|Any CPU
		{973B62D0-0D3C-4737-B417-5C7ABD85EAC4}.Debug|Any CPU.Build.0 = Debug|Any CPU
		{973B62D0-0D3C-4737-B417-5C7ABD85EAC4}.Release|Any CPU.ActiveCfg = Release|Any CPU
		{973B62D0-0D3C-4737-B417-5C7ABD85EAC4}.Release|Any CPU.Build.0 = Release|Any CPU
		{B4481C93-A27C-4BA2-82B0-5B3492B7991A}.Debug|Any CPU.ActiveCfg = Debug|Any CPU
		{B4481C93-A27C-4BA2-82B0-5B3492B7991A}.Debug|Any CPU.Build.0 = Debug|Any CPU
		{B4481C93-A27C-4BA2-82B0-5B3492B7991A}.Release|Any CPU.ActiveCfg = Release|Any CPU
		{B4481C93-A27C-4BA2-82B0-5B3492B7991A}.Release|Any CPU.Build.0 = Release|Any CPU
		{A34E0986-FE30-43CA-8F22-C0EFFD91548E}.Debug|Any CPU.ActiveCfg = Debug|Any CPU
		{A34E0986-FE30-43CA-8F22-C0EFFD91548E}.Debug|Any CPU.Build.0 = Debug|Any CPU
		{A34E0986-FE30-43CA-8F22-C0EFFD91548E}.Release|Any CPU.ActiveCfg = Release|Any CPU
		{A34E0986-FE30-43CA-8F22-C0EFFD91548E}.Release|Any CPU.Build.0 = Release|Any CPU
		{96517609-F297-48A3-AC0D-FCF8207C4C0A}.Debug|Any CPU.ActiveCfg = Debug|Any CPU
		{96517609-F297-48A3-AC0D-FCF8207C4C0A}.Debug|Any CPU.Build.0 = Debug|Any CPU
		{96517609-F297-48A3-AC0D-FCF8207C4C0A}.Release|Any CPU.ActiveCfg = Release|Any CPU
		{96517609-F297-48A3-AC0D-FCF8207C4C0A}.Release|Any CPU.Build.0 = Release|Any CPU
	EndGlobalSection
	GlobalSection(SolutionProperties) = preSolution
		HideSolutionNode = FALSE
	EndGlobalSection
	GlobalSection(NestedProjects) = preSolution
		{29E4A827-E5AB-415C-88EC-89B043C386E6} = {49E6022F-DF6C-4A08-92CB-F9118B8D6750}
		{70E74B3C-3434-4B77-B990-8BFFFEC6C421} = {32DABEB8-49E8-4E50-9936-BB92F6C8A710}
		{04F392DB-B9AA-42AC-82FA-B9918EC7BB8A} = {32DABEB8-49E8-4E50-9936-BB92F6C8A710}
		{EDD410C7-4237-45E9-A618-8B1DEF9F2289} = {B5CD066A-7D52-462A-B173-7A89113E3405}
		{357100A9-A9B7-4709-8A7A-56E6CC111E5F} = {08886815-EB4A-445A-8957-1D1CA66FC575}
		{412C90FF-B06C-4934-92B3-ABA9D7A8A584} = {08886815-EB4A-445A-8957-1D1CA66FC575}
		{41118F1E-FFC5-4408-8AF6-29F756E1E800} = {81C9219F-B955-4BF8-A406-8D10336A965C}
		{D92130D8-57A4-4E20-B567-06ED4C6B9CF1} = {81C9219F-B955-4BF8-A406-8D10336A965C}
		{C4A2A1B9-11C7-4EA9-86A7-BAD32438EC22} = {81C9219F-B955-4BF8-A406-8D10336A965C}
		{F236A864-AA4B-4F49-97BA-AD673F43AF96} = {BE9A9AF6-3174-4308-979C-C79BD965C228}
		{C857902C-908A-489D-8113-0C497B0CB62F} = {AB63ECF6-1841-43E4-9F81-1A2B8716DA18}
		{AFD3FC9C-3879-40B5-9287-EB70C4D8EA1A} = {32DABEB8-49E8-4E50-9936-BB92F6C8A710}
		{1CF200CE-9099-4E31-A6F4-2A256565A431} = {7EC0ADF1-7845-4919-BF16-55AC6F7EA0C8}
		{4080827F-585A-4D79-A987-6CE2F34DC1A0} = {7EC0ADF1-7845-4919-BF16-55AC6F7EA0C8}
		{973B62D0-0D3C-4737-B417-5C7ABD85EAC4} = {08886815-EB4A-445A-8957-1D1CA66FC575}
		{B4481C93-A27C-4BA2-82B0-5B3492B7991A} = {3D5FF21E-6F43-4FFB-97AA-B3A67A2B9497}
		{A34E0986-FE30-43CA-8F22-C0EFFD91548E} = {3D5FF21E-6F43-4FFB-97AA-B3A67A2B9497}
		{96517609-F297-48A3-AC0D-FCF8207C4C0A} = {81C9219F-B955-4BF8-A406-8D10336A965C}
	EndGlobalSection
	GlobalSection(ExtensibilityGlobals) = postSolution
		SolutionGuid = {E79E1CFB-95E5-4B4F-809D-60A5CA87F81C}
	EndGlobalSection
EndGlobal
